
Microsoft Visual Studio Solution File, Format Version 12.00
# Visual Studio Version 17
VisualStudioVersion = 17.2.32516.85
MinimumVisualStudioVersion = 10.0.40219.1
Project("{2150E333-8FDC-42A3-9474-1A3956D46DE8}") = "src", "src", "{0F7408D7-8464-4C33-9453-807DE07790DA}"
EndProject
Project("{FAE04EC0-301F-11D3-BF4B-00C04F79EFBC}") = "DemoOptionsConfiguration.API", "src\DemoOptionsConfiguration.API\DemoOptionsConfiguration.API.csproj", "{0C918FB6-1513-4C4B-9D57-74C16F16AF59}"
EndProject
Project("{2150E333-8FDC-42A3-9474-1A3956D46DE8}") = "Solution Items", "Solution Items", "{86072B47-01EE-4745-8FF5-732405FBB7F5}"
	ProjectSection(SolutionItems) = preProject
		.editorconfig = .editorconfig
	EndProjectSection
EndProject
Global
	GlobalSection(SolutionConfigurationPlatforms) = preSolution
		Debug|Any CPU = Debug|Any CPU
		Release|Any CPU = Release|Any CPU
	EndGlobalSection
	GlobalSection(ProjectConfigurationPlatforms) = postSolution
		{0C918FB6-1513-4C4B-9D57-74C16F16AF59}.Debug|Any CPU.ActiveCfg = Debug|Any CPU
		{0C918FB6-1513-4C4B-9D57-74C16F16AF59}.Debug|Any CPU.Build.0 = Debug|Any CPU
		{0C918FB6-1513-4C4B-9D57-74C16F16AF59}.Release|Any CPU.ActiveCfg = Release|Any CPU
		{0C918FB6-1513-4C4B-9D57-74C16F16AF59}.Release|Any CPU.Build.0 = Release|Any CPU
	EndGlobalSection
	GlobalSection(SolutionProperties) = preSolution
		HideSolutionNode = FALSE
	EndGlobalSection
	GlobalSection(NestedProjects) = preSolution
		{0C918FB6-1513-4C4B-9D57-74C16F16AF59} = {0F7408D7-8464-4C33-9453-807DE07790DA}
	EndGlobalSection
	GlobalSection(ExtensibilityGlobals) = postSolution
		SolutionGuid = {607F1DF4-9721-4A64-9C93-BDB27E4E38B5}
	EndGlobalSection
EndGlobal
